
Microsoft Visual Studio Solution File, Format Version 12.00
# Visual Studio Version 16
VisualStudioVersion = 16.0.29215.179
MinimumVisualStudioVersion = 10.0.40219.1
Project("{9A19103F-16F7-4668-BE54-9A1E7A4F7556}") = "Roulette", "Roulette.csproj", "{56939CA7-A636-4C16-A35F-90DA4E2B1D16}"
EndProject
Global
	GlobalSection(SolutionConfigurationPlatforms) = preSolution
		Debug|Any CPU = Debug|Any CPU
		Release|Any CPU = Release|Any CPU
	EndGlobalSection
	GlobalSection(ProjectConfigurationPlatforms) = postSolution
		{56939CA7-A636-4C16-A35F-90DA4E2B1D16}.Debug|Any CPU.ActiveCfg = Debug|Any CPU
		{56939CA7-A636-4C16-A35F-90DA4E2B1D16}.Debug|Any CPU.Build.0 = Debug|Any CPU
		{56939CA7-A636-4C16-A35F-90DA4E2B1D16}.Release|Any CPU.ActiveCfg = Release|Any CPU
		{56939CA7-A636-4C16-A35F-90DA4E2B1D16}.Release|Any CPU.Build.0 = Release|Any CPU
	EndGlobalSection
	GlobalSection(SolutionProperties) = preSolution
		HideSolutionNode = FALSE
	EndGlobalSection
	GlobalSection(ExtensibilityGlobals) = postSolution
		SolutionGuid = {5E357609-3E90-4730-8ADB-FE2240C9B96A}
	EndGlobalSection
EndGlobal
